<?xml version="1.0" encoding="utf-8"?>
<Project ToolsVersion="4.0" xmlns="http://schemas.microsoft.com/developer/msbuild/2003">
  <ItemGroup>
    <Filter Include="소스 파일">
      <UniqueIdentifier>{4FC737F1-C7A5-4376-A066-2A32D752A2FF}</UniqueIdentifier>
      <Extensions>cpp;c;cc;cxx;def;odl;idl;hpj;bat;asm;asmx</Extensions>
    </Filter>
    <Filter Include="헤더 파일">
      <UniqueIdentifier>{93995380-89BD-4b04-88EB-625FBE52EBFB}</UniqueIdentifier>
      <Extensions>h;hh;hpp;hxx;hm;inl;inc;ipp;xsd</Extensions>
    </Filter>
    <Filter Include="리소스 파일">
      <UniqueIdentifier>{67DA6AB6-F800-4c08-8B7A-83BB121AAD01}</UniqueIdentifier>
      <Extensions>rc;ico;cur;bmp;dlg;rc2;rct;bin;rgs;gif;jpg;jpeg;jpe;resx;tiff;tif;png;wav;mfcribbon-ms</Extensions>
    </Filter>
    <Filter Include="memput">
      <UniqueIdentifier>{f5e61d0a-7b54-4690-b5d8-b9f81c7fa657}</UniqueIdentifier>
    </Filter>
    <Filter Include="sydrome">
      <UniqueIdentifier>{d8aaa64e-450a-45fd-b101-1821ab873110}</UniqueIdentifier>
    </Filter>
  </ItemGroup>
  <ItemGroup>
    <ClInclude Include="stdafx.h">
      <Filter>헤더 파일</Filter>
    </ClInclude>
    <ClInclude Include="targetver.h">
      <Filter>헤더 파일</Filter>
    </ClInclude>
    <ClInclude Include="..\..\memput\ccpe.h">
      <Filter>memput</Filter>
    </ClInclude>
    <ClInclude Include="..\..\memput\intracore.h">
      <Filter>memput</Filter>
    </ClInclude>
    <ClInclude Include="..\..\memput\matrix.h">
      <Filter>memput</Filter>
    </ClInclude>
    <ClInclude Include="..\..\memput\mcpu.h">
      <Filter>memput</Filter>
    </ClInclude>
    <ClInclude Include="..\..\memput\memput.h">
      <Filter>memput</Filter>
    </ClInclude>
    <ClInclude Include="..\..\memput\mgpu.h">
      <Filter>memput</Filter>
    </ClInclude>
    <ClInclude Include="..\..\memput\mtree.h">
      <Filter>memput</Filter>
    </ClInclude>
    <ClInclude Include="..\..\memput\rsc.h">
      <Filter>memput</Filter>
    </ClInclude>
    <ClInclude Include="..\..\memput\baper.h">
      <Filter>memput</Filter>
    </ClInclude>
    <ClInclude Include="..\..\memput\intracore2.h">
      <Filter>memput</Filter>
    </ClInclude>
    <ClInclude Include="..\..\memput\mcpu2.h">
      <Filter>memput</Filter>
    </ClInclude>
    <ClInclude Include="..\..\memput\trace.h">
      <Filter>memput</Filter>
    </ClInclude>
    <ClInclude Include="..\..\memput\anet.h">
      <Filter>memput</Filter>
    </ClInclude>
    <ClInclude Include="..\..\memput\cydrome\impulse.h">
      <Filter>sydrome</Filter>
    </ClInclude>
    <ClInclude Include="..\..\memput\cydrome\islet.h">
      <Filter>sydrome</Filter>
    </ClInclude>
    <ClInclude Include="..\..\memput\cydrome\psort.h">
      <Filter>sydrome</Filter>
    </ClInclude>
    <ClInclude Include="..\..\memput\mtrack.h">
      <Filter>memput</Filter>
    </ClInclude>
  </ItemGroup>
  <ItemGroup>
    <ClCompile Include="stdafx.cpp">
      <Filter>소스 파일</Filter>
    </ClCompile>
    <ClCompile Include="..\..\memput\ccpe.cpp">
      <Filter>memput</Filter>
    </ClCompile>
    <ClCompile Include="..\..\memput\intracore.cpp">
      <Filter>memput</Filter>
    </ClCompile>
    <ClCompile Include="..\..\memput\matrix.cpp">
      <Filter>memput</Filter>
    </ClCompile>
    <ClCompile Include="..\..\memput\mcpu.cpp">
      <Filter>memput</Filter>
    </ClCompile>
    <ClCompile Include="..\..\memput\memput.cpp">
      <Filter>memput</Filter>
    </ClCompile>
    <ClCompile Include="..\..\memput\mptest.cpp">
      <Filter>memput</Filter>
    </ClCompile>
    <ClCompile Include="..\..\memput\rsc.cpp">
      <Filter>memput</Filter>
    </ClCompile>
    <ClCompile Include="..\..\memput\trace.cpp">
      <Filter>memput</Filter>
    </ClCompile>
    <ClCompile Include="..\..\memput\cnet.cpp">
      <Filter>memput</Filter>
    </ClCompile>
    <ClCompile Include="..\..\memput\cydrome\impulse.cpp">
      <Filter>sydrome</Filter>
    </ClCompile>
    <ClCompile Include="..\..\memput\cydrome\islet.cpp">
      <Filter>sydrome</Filter>
    </ClCompile>
    <ClCompile Include="..\..\memput\cydrome\psort.cpp">
      <Filter>sydrome</Filter>
    </ClCompile>
  </ItemGroup>
  <ItemGroup>
    <CudaCompile Include="..\..\memput\mgpu.cu">
      <Filter>memput</Filter>
    </CudaCompile>
    <CudaCompile Include="..\..\memput\mgpu2.cu">
      <Filter>memput</Filter>
    </CudaCompile>
  </ItemGroup>
</Project>